
Microsoft Visual Studio Solution File, Format Version 12.00
# Visual Studio Version 16
VisualStudioVersion = 16.0.34601.136
MinimumVisualStudioVersion = 10.0.40219.1
Project("{FAE04EC0-301F-11D3-BF4B-00C04F79EFBC}") = "DropDownCrud", "DropDownCrud\DropDownCrud.csproj", "{4E890E59-C28F-4C1E-A856-C0DF79997A01}"
EndProject
Global
	GlobalSection(SolutionConfigurationPlatforms) = preSolution
		Debug|Any CPU = Debug|Any CPU
		Release|Any CPU = Release|Any CPU
	EndGlobalSection
	GlobalSection(ProjectConfigurationPlatforms) = postSolution
		{4E890E59-C28F-4C1E-A856-C0DF79997A01}.Debug|Any CPU.ActiveCfg = Debug|Any CPU
		{4E890E59-C28F-4C1E-A856-C0DF79997A01}.Debug|Any CPU.Build.0 = Debug|Any CPU
		{4E890E59-C28F-4C1E-A856-C0DF79997A01}.Release|Any CPU.ActiveCfg = Release|Any CPU
		{4E890E59-C28F-4C1E-A856-C0DF79997A01}.Release|Any CPU.Build.0 = Release|Any CPU
	EndGlobalSection
	GlobalSection(SolutionProperties) = preSolution
		HideSolutionNode = FALSE
	EndGlobalSection
	GlobalSection(ExtensibilityGlobals) = postSolution
		SolutionGuid = {7B9CC4F5-7589-4E3B-821A-7CFA586D0A4E}
	EndGlobalSection
EndGlobal
